
Microsoft Visual Studio Solution File, Format Version 12.00
# Visual Studio Version 16
VisualStudioVersion = 16.0.30114.105
MinimumVisualStudioVersion = 10.0.40219.1
Project("{FAE04EC0-301F-11D3-BF4B-00C04F79EFBC}") = "TodoApp", "TodoApp\TodoApp.csproj", "{69090916-1F07-4D03-A95F-AEFA1429A240}"
EndProject
Project("{FAE04EC0-301F-11D3-BF4B-00C04F79EFBC}") = "APIVersioning", "APIVersioning\APIVersioning.csproj", "{2B3A8A33-8F33-470E-A92F-E80F74DBCA0A}"
EndProject
Global
	GlobalSection(SolutionConfigurationPlatforms) = preSolution
		Debug|Any CPU = Debug|Any CPU
		Release|Any CPU = Release|Any CPU
	EndGlobalSection
	GlobalSection(SolutionProperties) = preSolution
		HideSolutionNode = FALSE
	EndGlobalSection
	GlobalSection(ProjectConfigurationPlatforms) = postSolution
		{69090916-1F07-4D03-A95F-AEFA1429A240}.Debug|Any CPU.ActiveCfg = Debug|Any CPU
		{69090916-1F07-4D03-A95F-AEFA1429A240}.Debug|Any CPU.Build.0 = Debug|Any CPU
		{69090916-1F07-4D03-A95F-AEFA1429A240}.Release|Any CPU.ActiveCfg = Release|Any CPU
		{69090916-1F07-4D03-A95F-AEFA1429A240}.Release|Any CPU.Build.0 = Release|Any CPU
		{2B3A8A33-8F33-470E-A92F-E80F74DBCA0A}.Debug|Any CPU.ActiveCfg = Debug|Any CPU
		{2B3A8A33-8F33-470E-A92F-E80F74DBCA0A}.Debug|Any CPU.Build.0 = Debug|Any CPU
		{2B3A8A33-8F33-470E-A92F-E80F74DBCA0A}.Release|Any CPU.ActiveCfg = Release|Any CPU
		{2B3A8A33-8F33-470E-A92F-E80F74DBCA0A}.Release|Any CPU.Build.0 = Release|Any CPU
	EndGlobalSection
EndGlobal
